
Microsoft Visual Studio Solution File, Format Version 12.00
# Visual Studio Version 17
VisualStudioVersion = 17.12.35527.113
MinimumVisualStudioVersion = 10.0.40219.1
Project("{9A19103F-16F7-4668-BE54-9A1E7A4F7556}") = "MedicalHealth.Fiap.API", "MedicalHealth.Fiap.API\MedicalHealth.Fiap.API.csproj", "{9FE5B9AF-6BEB-4E88-8A74-E1629905B552}"
EndProject
Project("{2150E333-8FDC-42A3-9474-1A3956D46DE8}") = "Api", "Api", "{BABFDA02-462E-405C-BAF6-8C2ACFBAB70E}"
EndProject
Project("{2150E333-8FDC-42A3-9474-1A3956D46DE8}") = "Workers", "Workers", "{FBA9DF61-AEEB-4B7B-AB56-B39EC6ED2804}"
EndProject
Project("{2150E333-8FDC-42A3-9474-1A3956D46DE8}") = "Core", "Core", "{E7707EDE-9FD9-4DC3-964D-A57888821E84}"
EndProject
Project("{2150E333-8FDC-42A3-9474-1A3956D46DE8}") = "Services", "Services", "{529CF6BC-1E50-4A1F-9998-E0659304EAE3}"
EndProject
Project("{2150E333-8FDC-42A3-9474-1A3956D46DE8}") = "Testes", "Testes", "{AEBA43F1-92BD-4375-A9B8-A4445E2B3B86}"
EndProject
Project("{9A19103F-16F7-4668-BE54-9A1E7A4F7556}") = "MedicalHealth.Fiap.SharedKernel", "MedicalHealth.Fiap.SharedKernel\MedicalHealth.Fiap.SharedKernel.csproj", "{5A6B41AB-9F60-4B4B-A51D-68E4887F221E}"
EndProject
Project("{9A19103F-16F7-4668-BE54-9A1E7A4F7556}") = "MedicalHealth.Fiap.Aplicacao", "MedicalHealth.Fiap.Aplicacao\MedicalHealth.Fiap.Aplicacao.csproj", "{A9768D34-DFBF-469B-BFA4-D9952A0A0E04}"
EndProject
Project("{9A19103F-16F7-4668-BE54-9A1E7A4F7556}") = "MedicalHealth.Fiap.Data", "MedicalHealth.Fiap.Data\MedicalHealth.Fiap.Data.csproj", "{B26F9F8E-2F0F-47CD-A728-03836D74E0A3}"
EndProject
Project("{9A19103F-16F7-4668-BE54-9A1E7A4F7556}") = "MedicalHealth.Fiap.Dominio", "MedicalHealth.Fiap.Dominio\MedicalHealth.Fiap.Dominio.csproj", "{4455706B-5C10-41C1-9AEA-918394BEAB24}"
EndProject
Project("{9A19103F-16F7-4668-BE54-9A1E7A4F7556}") = "MedicalHealth.Fiap.Infraestrutura", "MedicalHealth.Fiap.Infraestrutura\MedicalHealth.Fiap.Infraestrutura.csproj", "{73C51A61-29C4-4FB8-8E83-C92A39DE6689}"
EndProject
Project("{9A19103F-16F7-4668-BE54-9A1E7A4F7556}") = "MedicalHealth.Fiap.IoC", "MedicalHealth.Fiap.IoC\MedicalHealth.Fiap.IoC.csproj", "{115816F4-0822-43DB-B349-232ED4C4C4D5}"
EndProject
Project("{9A19103F-16F7-4668-BE54-9A1E7A4F7556}") = "MedicalHealth.Fiap.Testes.Unitarios", "MedicalHealth.Fiap.Testes.Unitarios\MedicalHealth.Fiap.Testes.Unitarios.csproj", "{62408B2C-1BCD-49D1-907E-6C844FE30AC9}"
EndProject
Project("{9A19103F-16F7-4668-BE54-9A1E7A4F7556}") = "MedicalHealth.Fiap.Data.Persistencia", "MedicalHealth.Fiap.Data.Persistencia\MedicalHealth.Fiap.Data.Persistencia.csproj", "{4E95F4CD-C2F7-4099-BE9E-302CEAA3B6A8}"
EndProject
Project("{9A19103F-16F7-4668-BE54-9A1E7A4F7556}") = "MedicalHealth.Fiap.Function.Persistencia.Criar.AgendaMedico", "MedicalHealth.Fiap.Function.Persistencia.AgendaMedico\MedicalHealth.Fiap.Function.Persistencia.Criar.AgendaMedico.csproj", "{4628FF87-ECAB-43E1-8340-EC7DB0A54DB8}"
EndProject
Project("{9A19103F-16F7-4668-BE54-9A1E7A4F7556}") = "MedicalHealth.Fiap.Function.Persistencia.Atualizar.AgendaMedico", "MedicalHealth.Fiap.Function.Persistencia.Atualizar.AgendaMedico\MedicalHealth.Fiap.Function.Persistencia.Atualizar.AgendaMedico.csproj", "{A6EF9BDD-1F3C-4A9B-B70F-D8119FDDD3D5}"
EndProject
Project("{9A19103F-16F7-4668-BE54-9A1E7A4F7556}") = "MedicalHealth.Fiap.Function.Persistencia.Criar.Consulta", "MedicalHealth.Fiap.Function.Persistencia.Criar.Consulta\MedicalHealth.Fiap.Function.Persistencia.Criar.Consulta.csproj", "{B64BABE1-9930-405B-A09E-F613A074B1B6}"
EndProject
Project("{FAE04EC0-301F-11D3-BF4B-00C04F79EFBC}") = "MedicalHealth.Fiap.Function.Persistencia.Atualizar.Consulta", "MedicalHealth.Fiap.Function.Persistencia.Atualizar.Consulta\MedicalHealth.Fiap.Function.Persistencia.Atualizar.Consulta.csproj", "{F93A9D40-4754-430A-9108-A61533A36A92}"
EndProject
Project("{FAE04EC0-301F-11D3-BF4B-00C04F79EFBC}") = "MedicalHealth.Fiap.Function.Pesistencia.Criar.Usuario", "MedicalHealth.Fiap.Function.Pesistencia.Criar.Usuario\MedicalHealth.Fiap.Function.Pesistencia.Criar.Usuario.csproj", "{DDCE06E4-995F-4517-A56A-E424FECE5189}"
EndProject
Project("{FAE04EC0-301F-11D3-BF4B-00C04F79EFBC}") = "MedicalHealth.Fiap.Function.Pesistencia.Atualizar.Usuario", "MedicalHealth.Fiap.Function.Pesistencia.Atualizar.Usuario\MedicalHealth.Fiap.Function.Pesistencia.Atualizar.Usuario.csproj", "{82A39ADB-012E-4AC3-87DD-FDBDE92128C6}"
EndProject
Project("{FAE04EC0-301F-11D3-BF4B-00C04F79EFBC}") = "MedicalHealth.Fiap.Function.Pesistencia.Criar.Medico", "MedicalHealth.Fiap.Function.Pesistencia.Criar.Medico\MedicalHealth.Fiap.Function.Pesistencia.Criar.Medico.csproj", "{D8BF0FCA-773E-44EB-A4FD-57F9F0BAE9BC}"
EndProject
Project("{FAE04EC0-301F-11D3-BF4B-00C04F79EFBC}") = "MedicalHealth.Fiap.Function.Pesistencia.Atualizar.Medico", "MedicalHealth.Fiap.Function.Pesistencia.Atualizar.Medico\MedicalHealth.Fiap.Function.Pesistencia.Atualizar.Medico.csproj", "{C0E72B60-2BA4-4C52-80E5-7E6CCFDB8D04}"
EndProject
Project("{FAE04EC0-301F-11D3-BF4B-00C04F79EFBC}") = "MedicalHealth.Fiap.Function.Pesistencia.Criar.Paciente", "MedicalHealth.Fiap.Function.Pesistencia.Criar.Paciente\MedicalHealth.Fiap.Function.Pesistencia.Criar.Paciente.csproj", "{EFCAA5E5-46C3-47A8-BE6B-8B0DB6BDAA86}"
EndProject
Project("{FAE04EC0-301F-11D3-BF4B-00C04F79EFBC}") = "MedicalHealth.Fiap.Function.Pesistencia.Atualizar.Paciente", "MedicalHealth.Fiap.Function.Pesistencia.Atualizar.Paciente\MedicalHealth.Fiap.Function.Pesistencia.Atualizar.Paciente.csproj", "{EEDE6812-18CB-4536-8967-7DE54D9EFD89}"
EndProject
Global
	GlobalSection(SolutionConfigurationPlatforms) = preSolution
		Debug|Any CPU = Debug|Any CPU
		Release|Any CPU = Release|Any CPU
	EndGlobalSection
	GlobalSection(ProjectConfigurationPlatforms) = postSolution
		{9FE5B9AF-6BEB-4E88-8A74-E1629905B552}.Debug|Any CPU.ActiveCfg = Debug|Any CPU
		{9FE5B9AF-6BEB-4E88-8A74-E1629905B552}.Debug|Any CPU.Build.0 = Debug|Any CPU
		{9FE5B9AF-6BEB-4E88-8A74-E1629905B552}.Release|Any CPU.ActiveCfg = Release|Any CPU
		{9FE5B9AF-6BEB-4E88-8A74-E1629905B552}.Release|Any CPU.Build.0 = Release|Any CPU
		{5A6B41AB-9F60-4B4B-A51D-68E4887F221E}.Debug|Any CPU.ActiveCfg = Debug|Any CPU
		{5A6B41AB-9F60-4B4B-A51D-68E4887F221E}.Debug|Any CPU.Build.0 = Debug|Any CPU
		{5A6B41AB-9F60-4B4B-A51D-68E4887F221E}.Release|Any CPU.ActiveCfg = Release|Any CPU
		{5A6B41AB-9F60-4B4B-A51D-68E4887F221E}.Release|Any CPU.Build.0 = Release|Any CPU
		{A9768D34-DFBF-469B-BFA4-D9952A0A0E04}.Debug|Any CPU.ActiveCfg = Debug|Any CPU
		{A9768D34-DFBF-469B-BFA4-D9952A0A0E04}.Debug|Any CPU.Build.0 = Debug|Any CPU
		{A9768D34-DFBF-469B-BFA4-D9952A0A0E04}.Release|Any CPU.ActiveCfg = Release|Any CPU
		{A9768D34-DFBF-469B-BFA4-D9952A0A0E04}.Release|Any CPU.Build.0 = Release|Any CPU
		{B26F9F8E-2F0F-47CD-A728-03836D74E0A3}.Debug|Any CPU.ActiveCfg = Debug|Any CPU
		{B26F9F8E-2F0F-47CD-A728-03836D74E0A3}.Debug|Any CPU.Build.0 = Debug|Any CPU
		{B26F9F8E-2F0F-47CD-A728-03836D74E0A3}.Release|Any CPU.ActiveCfg = Release|Any CPU
		{B26F9F8E-2F0F-47CD-A728-03836D74E0A3}.Release|Any CPU.Build.0 = Release|Any CPU
		{4455706B-5C10-41C1-9AEA-918394BEAB24}.Debug|Any CPU.ActiveCfg = Debug|Any CPU
		{4455706B-5C10-41C1-9AEA-918394BEAB24}.Debug|Any CPU.Build.0 = Debug|Any CPU
		{4455706B-5C10-41C1-9AEA-918394BEAB24}.Release|Any CPU.ActiveCfg = Release|Any CPU
		{4455706B-5C10-41C1-9AEA-918394BEAB24}.Release|Any CPU.Build.0 = Release|Any CPU
		{73C51A61-29C4-4FB8-8E83-C92A39DE6689}.Debug|Any CPU.ActiveCfg = Debug|Any CPU
		{73C51A61-29C4-4FB8-8E83-C92A39DE6689}.Debug|Any CPU.Build.0 = Debug|Any CPU
		{73C51A61-29C4-4FB8-8E83-C92A39DE6689}.Release|Any CPU.ActiveCfg = Release|Any CPU
		{73C51A61-29C4-4FB8-8E83-C92A39DE6689}.Release|Any CPU.Build.0 = Release|Any CPU
		{115816F4-0822-43DB-B349-232ED4C4C4D5}.Debug|Any CPU.ActiveCfg = Debug|Any CPU
		{115816F4-0822-43DB-B349-232ED4C4C4D5}.Debug|Any CPU.Build.0 = Debug|Any CPU
		{115816F4-0822-43DB-B349-232ED4C4C4D5}.Release|Any CPU.ActiveCfg = Release|Any CPU
		{115816F4-0822-43DB-B349-232ED4C4C4D5}.Release|Any CPU.Build.0 = Release|Any CPU
		{62408B2C-1BCD-49D1-907E-6C844FE30AC9}.Debug|Any CPU.ActiveCfg = Debug|Any CPU
		{62408B2C-1BCD-49D1-907E-6C844FE30AC9}.Debug|Any CPU.Build.0 = Debug|Any CPU
		{62408B2C-1BCD-49D1-907E-6C844FE30AC9}.Release|Any CPU.ActiveCfg = Release|Any CPU
		{62408B2C-1BCD-49D1-907E-6C844FE30AC9}.Release|Any CPU.Build.0 = Release|Any CPU
		{4E95F4CD-C2F7-4099-BE9E-302CEAA3B6A8}.Debug|Any CPU.ActiveCfg = Debug|Any CPU
		{4E95F4CD-C2F7-4099-BE9E-302CEAA3B6A8}.Debug|Any CPU.Build.0 = Debug|Any CPU
		{4E95F4CD-C2F7-4099-BE9E-302CEAA3B6A8}.Release|Any CPU.ActiveCfg = Release|Any CPU
		{4E95F4CD-C2F7-4099-BE9E-302CEAA3B6A8}.Release|Any CPU.Build.0 = Release|Any CPU
		{4628FF87-ECAB-43E1-8340-EC7DB0A54DB8}.Debug|Any CPU.ActiveCfg = Debug|Any CPU
		{4628FF87-ECAB-43E1-8340-EC7DB0A54DB8}.Debug|Any CPU.Build.0 = Debug|Any CPU
		{4628FF87-ECAB-43E1-8340-EC7DB0A54DB8}.Release|Any CPU.ActiveCfg = Release|Any CPU
		{4628FF87-ECAB-43E1-8340-EC7DB0A54DB8}.Release|Any CPU.Build.0 = Release|Any CPU
		{A6EF9BDD-1F3C-4A9B-B70F-D8119FDDD3D5}.Debug|Any CPU.ActiveCfg = Debug|Any CPU
		{A6EF9BDD-1F3C-4A9B-B70F-D8119FDDD3D5}.Debug|Any CPU.Build.0 = Debug|Any CPU
		{A6EF9BDD-1F3C-4A9B-B70F-D8119FDDD3D5}.Release|Any CPU.ActiveCfg = Release|Any CPU
		{A6EF9BDD-1F3C-4A9B-B70F-D8119FDDD3D5}.Release|Any CPU.Build.0 = Release|Any CPU
		{B64BABE1-9930-405B-A09E-F613A074B1B6}.Debug|Any CPU.ActiveCfg = Debug|Any CPU
		{B64BABE1-9930-405B-A09E-F613A074B1B6}.Debug|Any CPU.Build.0 = Debug|Any CPU
		{B64BABE1-9930-405B-A09E-F613A074B1B6}.Release|Any CPU.ActiveCfg = Release|Any CPU
		{B64BABE1-9930-405B-A09E-F613A074B1B6}.Release|Any CPU.Build.0 = Release|Any CPU
		{F93A9D40-4754-430A-9108-A61533A36A92}.Debug|Any CPU.ActiveCfg = Debug|Any CPU
		{F93A9D40-4754-430A-9108-A61533A36A92}.Debug|Any CPU.Build.0 = Debug|Any CPU
		{F93A9D40-4754-430A-9108-A61533A36A92}.Release|Any CPU.ActiveCfg = Release|Any CPU
		{F93A9D40-4754-430A-9108-A61533A36A92}.Release|Any CPU.Build.0 = Release|Any CPU
		{DDCE06E4-995F-4517-A56A-E424FECE5189}.Debug|Any CPU.ActiveCfg = Debug|Any CPU
		{DDCE06E4-995F-4517-A56A-E424FECE5189}.Debug|Any CPU.Build.0 = Debug|Any CPU
		{DDCE06E4-995F-4517-A56A-E424FECE5189}.Release|Any CPU.ActiveCfg = Release|Any CPU
		{DDCE06E4-995F-4517-A56A-E424FECE5189}.Release|Any CPU.Build.0 = Release|Any CPU
		{82A39ADB-012E-4AC3-87DD-FDBDE92128C6}.Debug|Any CPU.ActiveCfg = Debug|Any CPU
		{82A39ADB-012E-4AC3-87DD-FDBDE92128C6}.Debug|Any CPU.Build.0 = Debug|Any CPU
		{82A39ADB-012E-4AC3-87DD-FDBDE92128C6}.Release|Any CPU.ActiveCfg = Release|Any CPU
		{82A39ADB-012E-4AC3-87DD-FDBDE92128C6}.Release|Any CPU.Build.0 = Release|Any CPU
		{D8BF0FCA-773E-44EB-A4FD-57F9F0BAE9BC}.Debug|Any CPU.ActiveCfg = Debug|Any CPU
		{D8BF0FCA-773E-44EB-A4FD-57F9F0BAE9BC}.Debug|Any CPU.Build.0 = Debug|Any CPU
		{D8BF0FCA-773E-44EB-A4FD-57F9F0BAE9BC}.Release|Any CPU.ActiveCfg = Release|Any CPU
		{D8BF0FCA-773E-44EB-A4FD-57F9F0BAE9BC}.Release|Any CPU.Build.0 = Release|Any CPU
		{C0E72B60-2BA4-4C52-80E5-7E6CCFDB8D04}.Debug|Any CPU.ActiveCfg = Debug|Any CPU
		{C0E72B60-2BA4-4C52-80E5-7E6CCFDB8D04}.Debug|Any CPU.Build.0 = Debug|Any CPU
		{C0E72B60-2BA4-4C52-80E5-7E6CCFDB8D04}.Release|Any CPU.ActiveCfg = Release|Any CPU
		{C0E72B60-2BA4-4C52-80E5-7E6CCFDB8D04}.Release|Any CPU.Build.0 = Release|Any CPU
		{EFCAA5E5-46C3-47A8-BE6B-8B0DB6BDAA86}.Debug|Any CPU.ActiveCfg = Debug|Any CPU
		{EFCAA5E5-46C3-47A8-BE6B-8B0DB6BDAA86}.Debug|Any CPU.Build.0 = Debug|Any CPU
		{EFCAA5E5-46C3-47A8-BE6B-8B0DB6BDAA86}.Release|Any CPU.ActiveCfg = Release|Any CPU
		{EFCAA5E5-46C3-47A8-BE6B-8B0DB6BDAA86}.Release|Any CPU.Build.0 = Release|Any CPU
		{EEDE6812-18CB-4536-8967-7DE54D9EFD89}.Debug|Any CPU.ActiveCfg = Debug|Any CPU
		{EEDE6812-18CB-4536-8967-7DE54D9EFD89}.Debug|Any CPU.Build.0 = Debug|Any CPU
		{EEDE6812-18CB-4536-8967-7DE54D9EFD89}.Release|Any CPU.ActiveCfg = Release|Any CPU
		{EEDE6812-18CB-4536-8967-7DE54D9EFD89}.Release|Any CPU.Build.0 = Release|Any CPU
	EndGlobalSection
	GlobalSection(SolutionProperties) = preSolution
		HideSolutionNode = FALSE
	EndGlobalSection
	GlobalSection(NestedProjects) = preSolution
		{9FE5B9AF-6BEB-4E88-8A74-E1629905B552} = {BABFDA02-462E-405C-BAF6-8C2ACFBAB70E}
		{5A6B41AB-9F60-4B4B-A51D-68E4887F221E} = {E7707EDE-9FD9-4DC3-964D-A57888821E84}
		{A9768D34-DFBF-469B-BFA4-D9952A0A0E04} = {529CF6BC-1E50-4A1F-9998-E0659304EAE3}
		{B26F9F8E-2F0F-47CD-A728-03836D74E0A3} = {529CF6BC-1E50-4A1F-9998-E0659304EAE3}
		{4455706B-5C10-41C1-9AEA-918394BEAB24} = {529CF6BC-1E50-4A1F-9998-E0659304EAE3}
		{73C51A61-29C4-4FB8-8E83-C92A39DE6689} = {529CF6BC-1E50-4A1F-9998-E0659304EAE3}
		{115816F4-0822-43DB-B349-232ED4C4C4D5} = {529CF6BC-1E50-4A1F-9998-E0659304EAE3}
		{62408B2C-1BCD-49D1-907E-6C844FE30AC9} = {AEBA43F1-92BD-4375-A9B8-A4445E2B3B86}
		{4E95F4CD-C2F7-4099-BE9E-302CEAA3B6A8} = {529CF6BC-1E50-4A1F-9998-E0659304EAE3}
		{4628FF87-ECAB-43E1-8340-EC7DB0A54DB8} = {FBA9DF61-AEEB-4B7B-AB56-B39EC6ED2804}
		{A6EF9BDD-1F3C-4A9B-B70F-D8119FDDD3D5} = {FBA9DF61-AEEB-4B7B-AB56-B39EC6ED2804}
		{B64BABE1-9930-405B-A09E-F613A074B1B6} = {FBA9DF61-AEEB-4B7B-AB56-B39EC6ED2804}
		{F93A9D40-4754-430A-9108-A61533A36A92} = {FBA9DF61-AEEB-4B7B-AB56-B39EC6ED2804}
		{DDCE06E4-995F-4517-A56A-E424FECE5189} = {FBA9DF61-AEEB-4B7B-AB56-B39EC6ED2804}
		{82A39ADB-012E-4AC3-87DD-FDBDE92128C6} = {FBA9DF61-AEEB-4B7B-AB56-B39EC6ED2804}
		{D8BF0FCA-773E-44EB-A4FD-57F9F0BAE9BC} = {FBA9DF61-AEEB-4B7B-AB56-B39EC6ED2804}
		{C0E72B60-2BA4-4C52-80E5-7E6CCFDB8D04} = {FBA9DF61-AEEB-4B7B-AB56-B39EC6ED2804}
		{EFCAA5E5-46C3-47A8-BE6B-8B0DB6BDAA86} = {FBA9DF61-AEEB-4B7B-AB56-B39EC6ED2804}
		{EEDE6812-18CB-4536-8967-7DE54D9EFD89} = {FBA9DF61-AEEB-4B7B-AB56-B39EC6ED2804}
	EndGlobalSection
	GlobalSection(ExtensibilityGlobals) = postSolution
		SolutionGuid = {F8AC7EFF-6300-4B80-88A4-AB16588BA48B}
	EndGlobalSection
EndGlobal
